
Microsoft Visual Studio Solution File, Format Version 12.00
# Visual Studio Version 17
VisualStudioVersion = 17.7.34024.191
MinimumVisualStudioVersion = 10.0.40219.1
Project("{2150E333-8FDC-42A3-9474-1A3956D46DE8}") = "Solution Items", "Solution Items", "{016D4777-86F6-4F61-BB25-2FC03B9D8EFB}"
	ProjectSection(SolutionItems) = preProject
		.gitattributes = .gitattributes
		.gitignore = .gitignore
		README.md = README.md
	EndProjectSection
EndProject
Project("{2150E333-8FDC-42A3-9474-1A3956D46DE8}") = ".NET-Blazor-6", ".NET-Blazor-6", "{68636383-F30D-4EEA-B112-8EE53E064617}"
EndProject
Project("{9A19103F-16F7-4668-BE54-9A1E7A4F7556}") = "BlazorEcommerce.Client", ".NET-Blazor-6\Client\BlazorEcommerce.Client.csproj", "{723DEF74-BC30-4BE6-B770-C9E6C2D21EDA}"
EndProject
Project("{9A19103F-16F7-4668-BE54-9A1E7A4F7556}") = "BlazorEcommerce.Server", ".NET-Blazor-6\Server\BlazorEcommerce.Server.csproj", "{10301AC8-F0EE-4D52-BACF-F7753D8B625F}"
EndProject
Project("{9A19103F-16F7-4668-BE54-9A1E7A4F7556}") = "BlazorEcommerce.Shared", ".NET-Blazor-6\Shared\BlazorEcommerce.Shared.csproj", "{B1D980D8-BCFC-4E42-AF3B-AFCB0EBE6F70}"
EndProject
Global
	GlobalSection(SolutionConfigurationPlatforms) = preSolution
		Debug|Any CPU = Debug|Any CPU
		Release|Any CPU = Release|Any CPU
	EndGlobalSection
	GlobalSection(ProjectConfigurationPlatforms) = postSolution
		{723DEF74-BC30-4BE6-B770-C9E6C2D21EDA}.Debug|Any CPU.ActiveCfg = Debug|Any CPU
		{723DEF74-BC30-4BE6-B770-C9E6C2D21EDA}.Debug|Any CPU.Build.0 = Debug|Any CPU
		{723DEF74-BC30-4BE6-B770-C9E6C2D21EDA}.Release|Any CPU.ActiveCfg = Release|Any CPU
		{723DEF74-BC30-4BE6-B770-C9E6C2D21EDA}.Release|Any CPU.Build.0 = Release|Any CPU
		{10301AC8-F0EE-4D52-BACF-F7753D8B625F}.Debug|Any CPU.ActiveCfg = Debug|Any CPU
		{10301AC8-F0EE-4D52-BACF-F7753D8B625F}.Debug|Any CPU.Build.0 = Debug|Any CPU
		{10301AC8-F0EE-4D52-BACF-F7753D8B625F}.Release|Any CPU.ActiveCfg = Release|Any CPU
		{10301AC8-F0EE-4D52-BACF-F7753D8B625F}.Release|Any CPU.Build.0 = Release|Any CPU
		{B1D980D8-BCFC-4E42-AF3B-AFCB0EBE6F70}.Debug|Any CPU.ActiveCfg = Debug|Any CPU
		{B1D980D8-BCFC-4E42-AF3B-AFCB0EBE6F70}.Debug|Any CPU.Build.0 = Debug|Any CPU
		{B1D980D8-BCFC-4E42-AF3B-AFCB0EBE6F70}.Release|Any CPU.ActiveCfg = Release|Any CPU
		{B1D980D8-BCFC-4E42-AF3B-AFCB0EBE6F70}.Release|Any CPU.Build.0 = Release|Any CPU
	EndGlobalSection
	GlobalSection(SolutionProperties) = preSolution
		HideSolutionNode = FALSE
	EndGlobalSection
	GlobalSection(NestedProjects) = preSolution
		{723DEF74-BC30-4BE6-B770-C9E6C2D21EDA} = {68636383-F30D-4EEA-B112-8EE53E064617}
		{10301AC8-F0EE-4D52-BACF-F7753D8B625F} = {68636383-F30D-4EEA-B112-8EE53E064617}
		{B1D980D8-BCFC-4E42-AF3B-AFCB0EBE6F70} = {68636383-F30D-4EEA-B112-8EE53E064617}
	EndGlobalSection
	GlobalSection(ExtensibilityGlobals) = postSolution
		SolutionGuid = {BA042023-D097-4E71-965A-35D280ED957C}
	EndGlobalSection
EndGlobal
